
Microsoft Visual Studio Solution File, Format Version 12.00
# Visual Studio Version 17
VisualStudioVersion = 17.3.32929.385
MinimumVisualStudioVersion = 10.0.40219.1
Project("{FAE04EC0-301F-11D3-BF4B-00C04F79EFBC}") = "Ejercicios_TomaDeDesiciones", "Ejercicios_TomaDeDesiciones\Ejercicios_TomaDeDesiciones.csproj", "{60248752-783B-491C-B059-0B9A879F87A8}"
EndProject
Project("{FAE04EC0-301F-11D3-BF4B-00C04F79EFBC}") = "Programa_DeterminaEdad", "Programa_DeterminaEdad\Programa_DeterminaEdad.csproj", "{59A0C2CA-096A-4AB5-9997-EF8D0716EF1F}"
EndProject
Project("{FAE04EC0-301F-11D3-BF4B-00C04F79EFBC}") = "Programa_NpositivosNegativos", "Programa_NpositivosNegativos\Programa_NpositivosNegativos.csproj", "{C3344872-897A-4008-B9CD-3660AA64CF1F}"
EndProject
Project("{FAE04EC0-301F-11D3-BF4B-00C04F79EFBC}") = "Programa_NumerosMayores", "Programa_NumerosMayores\Programa_NumerosMayores.csproj", "{B1D1194A-0A16-4A2A-BA76-5BF1C7E85DB9}"
EndProject
Project("{FAE04EC0-301F-11D3-BF4B-00C04F79EFBC}") = "Programa_Estudiantes", "Programa_Estudiantes\Programa_Estudiantes.csproj", "{7CAFDACA-73C9-43EE-8981-6AB8401CF53C}"
EndProject
Project("{FAE04EC0-301F-11D3-BF4B-00C04F79EFBC}") = "Programa_MitadNumero", "Programa_MitadNumero\Programa_MitadNumero.csproj", "{4153EBCA-B7C9-4E7B-875C-71B3A42E822D}"
EndProject
Global
	GlobalSection(SolutionConfigurationPlatforms) = preSolution
		Debug|Any CPU = Debug|Any CPU
		Release|Any CPU = Release|Any CPU
	EndGlobalSection
	GlobalSection(ProjectConfigurationPlatforms) = postSolution
		{60248752-783B-491C-B059-0B9A879F87A8}.Debug|Any CPU.ActiveCfg = Debug|Any CPU
		{60248752-783B-491C-B059-0B9A879F87A8}.Debug|Any CPU.Build.0 = Debug|Any CPU
		{60248752-783B-491C-B059-0B9A879F87A8}.Release|Any CPU.ActiveCfg = Release|Any CPU
		{60248752-783B-491C-B059-0B9A879F87A8}.Release|Any CPU.Build.0 = Release|Any CPU
		{59A0C2CA-096A-4AB5-9997-EF8D0716EF1F}.Debug|Any CPU.ActiveCfg = Debug|Any CPU
		{59A0C2CA-096A-4AB5-9997-EF8D0716EF1F}.Debug|Any CPU.Build.0 = Debug|Any CPU
		{59A0C2CA-096A-4AB5-9997-EF8D0716EF1F}.Release|Any CPU.ActiveCfg = Release|Any CPU
		{59A0C2CA-096A-4AB5-9997-EF8D0716EF1F}.Release|Any CPU.Build.0 = Release|Any CPU
		{C3344872-897A-4008-B9CD-3660AA64CF1F}.Debug|Any CPU.ActiveCfg = Debug|Any CPU
		{C3344872-897A-4008-B9CD-3660AA64CF1F}.Debug|Any CPU.Build.0 = Debug|Any CPU
		{C3344872-897A-4008-B9CD-3660AA64CF1F}.Release|Any CPU.ActiveCfg = Release|Any CPU
		{C3344872-897A-4008-B9CD-3660AA64CF1F}.Release|Any CPU.Build.0 = Release|Any CPU
		{B1D1194A-0A16-4A2A-BA76-5BF1C7E85DB9}.Debug|Any CPU.ActiveCfg = Debug|Any CPU
		{B1D1194A-0A16-4A2A-BA76-5BF1C7E85DB9}.Debug|Any CPU.Build.0 = Debug|Any CPU
		{B1D1194A-0A16-4A2A-BA76-5BF1C7E85DB9}.Release|Any CPU.ActiveCfg = Release|Any CPU
		{B1D1194A-0A16-4A2A-BA76-5BF1C7E85DB9}.Release|Any CPU.Build.0 = Release|Any CPU
		{7CAFDACA-73C9-43EE-8981-6AB8401CF53C}.Debug|Any CPU.ActiveCfg = Debug|Any CPU
		{7CAFDACA-73C9-43EE-8981-6AB8401CF53C}.Debug|Any CPU.Build.0 = Debug|Any CPU
		{7CAFDACA-73C9-43EE-8981-6AB8401CF53C}.Release|Any CPU.ActiveCfg = Release|Any CPU
		{7CAFDACA-73C9-43EE-8981-6AB8401CF53C}.Release|Any CPU.Build.0 = Release|Any CPU
		{4153EBCA-B7C9-4E7B-875C-71B3A42E822D}.Debug|Any CPU.ActiveCfg = Debug|Any CPU
		{4153EBCA-B7C9-4E7B-875C-71B3A42E822D}.Debug|Any CPU.Build.0 = Debug|Any CPU
		{4153EBCA-B7C9-4E7B-875C-71B3A42E822D}.Release|Any CPU.ActiveCfg = Release|Any CPU
		{4153EBCA-B7C9-4E7B-875C-71B3A42E822D}.Release|Any CPU.Build.0 = Release|Any CPU
	EndGlobalSection
	GlobalSection(SolutionProperties) = preSolution
		HideSolutionNode = FALSE
	EndGlobalSection
	GlobalSection(ExtensibilityGlobals) = postSolution
		SolutionGuid = {86157BE4-A37E-46AA-B173-4B279637AF03}
	EndGlobalSection
EndGlobal
