
Microsoft Visual Studio Solution File, Format Version 12.00
# Visual Studio Version 17
VisualStudioVersion = 17.3.32929.385
MinimumVisualStudioVersion = 10.0.40219.1
Project("{FAE04EC0-301F-11D3-BF4B-00C04F79EFBC}") = "Vectores", "Vectores\Vectores.csproj", "{2F93BB0A-0BCC-491E-84A5-72A3AAEF05D7}"
EndProject
Project("{FAE04EC0-301F-11D3-BF4B-00C04F79EFBC}") = "Programa_AlmacenarNombres", "Programa_AlmacenarNombres\Programa_AlmacenarNombres.csproj", "{30262A7B-D08D-4677-A165-E032B5F86218}"
EndProject
Project("{FAE04EC0-301F-11D3-BF4B-00C04F79EFBC}") = "Programa_VectorSumas", "Programa_VectorSumas\Programa_VectorSumas.csproj", "{BA7D9FC2-C78C-4A96-9F7E-56D5C7EA4BBB}"
EndProject
Project("{FAE04EC0-301F-11D3-BF4B-00C04F79EFBC}") = "Programa_VectorAlreves", "Programa_VectorAlreves\Programa_VectorAlreves.csproj", "{389C8035-DA7E-48DB-B6DC-625096A09926}"
EndProject
Project("{FAE04EC0-301F-11D3-BF4B-00C04F79EFBC}") = "Programa_Listados", "Programa_Listados\Programa_Listados.csproj", "{5280A6AE-2159-4CF9-82C6-95CA582121D1}"
EndProject
Global
	GlobalSection(SolutionConfigurationPlatforms) = preSolution
		Debug|Any CPU = Debug|Any CPU
		Release|Any CPU = Release|Any CPU
	EndGlobalSection
	GlobalSection(ProjectConfigurationPlatforms) = postSolution
		{2F93BB0A-0BCC-491E-84A5-72A3AAEF05D7}.Debug|Any CPU.ActiveCfg = Debug|Any CPU
		{2F93BB0A-0BCC-491E-84A5-72A3AAEF05D7}.Debug|Any CPU.Build.0 = Debug|Any CPU
		{2F93BB0A-0BCC-491E-84A5-72A3AAEF05D7}.Release|Any CPU.ActiveCfg = Release|Any CPU
		{2F93BB0A-0BCC-491E-84A5-72A3AAEF05D7}.Release|Any CPU.Build.0 = Release|Any CPU
		{30262A7B-D08D-4677-A165-E032B5F86218}.Debug|Any CPU.ActiveCfg = Debug|Any CPU
		{30262A7B-D08D-4677-A165-E032B5F86218}.Debug|Any CPU.Build.0 = Debug|Any CPU
		{30262A7B-D08D-4677-A165-E032B5F86218}.Release|Any CPU.ActiveCfg = Release|Any CPU
		{30262A7B-D08D-4677-A165-E032B5F86218}.Release|Any CPU.Build.0 = Release|Any CPU
		{BA7D9FC2-C78C-4A96-9F7E-56D5C7EA4BBB}.Debug|Any CPU.ActiveCfg = Debug|Any CPU
		{BA7D9FC2-C78C-4A96-9F7E-56D5C7EA4BBB}.Debug|Any CPU.Build.0 = Debug|Any CPU
		{BA7D9FC2-C78C-4A96-9F7E-56D5C7EA4BBB}.Release|Any CPU.ActiveCfg = Release|Any CPU
		{BA7D9FC2-C78C-4A96-9F7E-56D5C7EA4BBB}.Release|Any CPU.Build.0 = Release|Any CPU
		{389C8035-DA7E-48DB-B6DC-625096A09926}.Debug|Any CPU.ActiveCfg = Debug|Any CPU
		{389C8035-DA7E-48DB-B6DC-625096A09926}.Debug|Any CPU.Build.0 = Debug|Any CPU
		{389C8035-DA7E-48DB-B6DC-625096A09926}.Release|Any CPU.ActiveCfg = Release|Any CPU
		{389C8035-DA7E-48DB-B6DC-625096A09926}.Release|Any CPU.Build.0 = Release|Any CPU
		{5280A6AE-2159-4CF9-82C6-95CA582121D1}.Debug|Any CPU.ActiveCfg = Debug|Any CPU
		{5280A6AE-2159-4CF9-82C6-95CA582121D1}.Debug|Any CPU.Build.0 = Debug|Any CPU
		{5280A6AE-2159-4CF9-82C6-95CA582121D1}.Release|Any CPU.ActiveCfg = Release|Any CPU
		{5280A6AE-2159-4CF9-82C6-95CA582121D1}.Release|Any CPU.Build.0 = Release|Any CPU
	EndGlobalSection
	GlobalSection(SolutionProperties) = preSolution
		HideSolutionNode = FALSE
	EndGlobalSection
	GlobalSection(ExtensibilityGlobals) = postSolution
		SolutionGuid = {02F66C99-96FC-415B-8125-7D6E233363A6}
	EndGlobalSection
EndGlobal
