
Microsoft Visual Studio Solution File, Format Version 12.00
# Visual Studio Version 17
VisualStudioVersion = 17.3.32929.385
MinimumVisualStudioVersion = 10.0.40219.1
Project("{FAE04EC0-301F-11D3-BF4B-00C04F79EFBC}") = "Pagina_Animales", "Pagina_Animales.csproj", "{A682F503-58FC-4C9C-B72C-615B817DD147}"
EndProject
Global
	GlobalSection(SolutionConfigurationPlatforms) = preSolution
		Debug|Any CPU = Debug|Any CPU
		Release|Any CPU = Release|Any CPU
	EndGlobalSection
	GlobalSection(ProjectConfigurationPlatforms) = postSolution
		{A682F503-58FC-4C9C-B72C-615B817DD147}.Debug|Any CPU.ActiveCfg = Debug|Any CPU
		{A682F503-58FC-4C9C-B72C-615B817DD147}.Debug|Any CPU.Build.0 = Debug|Any CPU
		{A682F503-58FC-4C9C-B72C-615B817DD147}.Release|Any CPU.ActiveCfg = Release|Any CPU
		{A682F503-58FC-4C9C-B72C-615B817DD147}.Release|Any CPU.Build.0 = Release|Any CPU
	EndGlobalSection
	GlobalSection(SolutionProperties) = preSolution
		HideSolutionNode = FALSE
	EndGlobalSection
	GlobalSection(ExtensibilityGlobals) = postSolution
		SolutionGuid = {D60FA8E1-E0EE-4BC0-ABA2-745244127461}
	EndGlobalSection
EndGlobal
