
Microsoft Visual Studio Solution File, Format Version 12.00
# Visual Studio Version 17
VisualStudioVersion = 17.3.32929.385
MinimumVisualStudioVersion = 10.0.40219.1
Project("{FAE04EC0-301F-11D3-BF4B-00C04F79EFBC}") = "Mensaje_form", "Mensaje_form\Mensaje_form.csproj", "{92B4ED32-25F7-44B1-8987-491170221A41}"
EndProject
Project("{FAE04EC0-301F-11D3-BF4B-00C04F79EFBC}") = "Par_Impar", "Par_Impar\Par_Impar.csproj", "{A5C8832A-4C6A-44AC-A748-F94420C82B6B}"
EndProject
Project("{FAE04EC0-301F-11D3-BF4B-00C04F79EFBC}") = "IniciarSesion", "IniciarSesion\IniciarSesion.csproj", "{F8841EAE-2F97-493A-8ACD-8F8FF3745AE9}"
EndProject
Project("{FAE04EC0-301F-11D3-BF4B-00C04F79EFBC}") = "from_switch", "from_switch\from_switch.csproj", "{E1EBEF25-EFEC-442F-9033-37653C06460E}"
EndProject
Project("{FAE04EC0-301F-11D3-BF4B-00C04F79EFBC}") = "form_Repetitivos", "form_Repetitivos\form_Repetitivos.csproj", "{7AA1C1B9-BB7C-4676-9CF5-FC5DD40C8449}"
EndProject
Project("{FAE04EC0-301F-11D3-BF4B-00C04F79EFBC}") = "IniciarSesion_Form", "IniciarSesion_Form\IniciarSesion_Form.csproj", "{ED502F42-E929-48F5-B254-47DCBBF2C9D7}"
EndProject
Global
	GlobalSection(SolutionConfigurationPlatforms) = preSolution
		Debug|Any CPU = Debug|Any CPU
		Release|Any CPU = Release|Any CPU
	EndGlobalSection
	GlobalSection(ProjectConfigurationPlatforms) = postSolution
		{92B4ED32-25F7-44B1-8987-491170221A41}.Debug|Any CPU.ActiveCfg = Debug|Any CPU
		{92B4ED32-25F7-44B1-8987-491170221A41}.Debug|Any CPU.Build.0 = Debug|Any CPU
		{92B4ED32-25F7-44B1-8987-491170221A41}.Release|Any CPU.ActiveCfg = Release|Any CPU
		{92B4ED32-25F7-44B1-8987-491170221A41}.Release|Any CPU.Build.0 = Release|Any CPU
		{A5C8832A-4C6A-44AC-A748-F94420C82B6B}.Debug|Any CPU.ActiveCfg = Debug|Any CPU
		{A5C8832A-4C6A-44AC-A748-F94420C82B6B}.Debug|Any CPU.Build.0 = Debug|Any CPU
		{A5C8832A-4C6A-44AC-A748-F94420C82B6B}.Release|Any CPU.ActiveCfg = Release|Any CPU
		{A5C8832A-4C6A-44AC-A748-F94420C82B6B}.Release|Any CPU.Build.0 = Release|Any CPU
		{F8841EAE-2F97-493A-8ACD-8F8FF3745AE9}.Debug|Any CPU.ActiveCfg = Debug|Any CPU
		{F8841EAE-2F97-493A-8ACD-8F8FF3745AE9}.Debug|Any CPU.Build.0 = Debug|Any CPU
		{F8841EAE-2F97-493A-8ACD-8F8FF3745AE9}.Release|Any CPU.ActiveCfg = Release|Any CPU
		{F8841EAE-2F97-493A-8ACD-8F8FF3745AE9}.Release|Any CPU.Build.0 = Release|Any CPU
		{E1EBEF25-EFEC-442F-9033-37653C06460E}.Debug|Any CPU.ActiveCfg = Debug|Any CPU
		{E1EBEF25-EFEC-442F-9033-37653C06460E}.Debug|Any CPU.Build.0 = Debug|Any CPU
		{E1EBEF25-EFEC-442F-9033-37653C06460E}.Release|Any CPU.ActiveCfg = Release|Any CPU
		{E1EBEF25-EFEC-442F-9033-37653C06460E}.Release|Any CPU.Build.0 = Release|Any CPU
		{7AA1C1B9-BB7C-4676-9CF5-FC5DD40C8449}.Debug|Any CPU.ActiveCfg = Debug|Any CPU
		{7AA1C1B9-BB7C-4676-9CF5-FC5DD40C8449}.Debug|Any CPU.Build.0 = Debug|Any CPU
		{7AA1C1B9-BB7C-4676-9CF5-FC5DD40C8449}.Release|Any CPU.ActiveCfg = Release|Any CPU
		{7AA1C1B9-BB7C-4676-9CF5-FC5DD40C8449}.Release|Any CPU.Build.0 = Release|Any CPU
		{ED502F42-E929-48F5-B254-47DCBBF2C9D7}.Debug|Any CPU.ActiveCfg = Debug|Any CPU
		{ED502F42-E929-48F5-B254-47DCBBF2C9D7}.Debug|Any CPU.Build.0 = Debug|Any CPU
		{ED502F42-E929-48F5-B254-47DCBBF2C9D7}.Release|Any CPU.ActiveCfg = Release|Any CPU
		{ED502F42-E929-48F5-B254-47DCBBF2C9D7}.Release|Any CPU.Build.0 = Release|Any CPU
	EndGlobalSection
	GlobalSection(SolutionProperties) = preSolution
		HideSolutionNode = FALSE
	EndGlobalSection
	GlobalSection(ExtensibilityGlobals) = postSolution
		SolutionGuid = {65CB9299-656F-4370-82E1-272312405E54}
	EndGlobalSection
EndGlobal
